<?xml version="1.0" encoding="UTF-8"?>
<CodeBlocks_project_file>
	<FileVersion major="1" minor="6"/>
	<Project>
		<Option title="ee2-computer-vision"/>
		<Option makefile_is_custom="1"/>
		<Option compiler="gcc"/>
		<Option virtualFolders="CMake Files\;CMake Files\..\;CMake Files\..\..\;CMake Files\..\..\..\;CMake Files\..\..\..\..\;CMake Files\..\..\..\..\..\;CMake Files\..\..\..\..\..\..\;CMake Files\..\..\..\..\..\..\usr\;CMake Files\..\..\..\..\..\..\usr\local\;CMake Files\..\..\..\..\..\..\usr\local\lib\;CMake Files\..\..\..\..\..\..\usr\local\lib\cmake\;CMake Files\..\..\..\..\..\..\usr\local\lib\cmake\opencv4\;CMake Files\src\;"/>
		<Build>
			<Target title="all">
				<Option working_dir="/home/maxwe/Documents/ee2project24/ee2project-2024-robot-power/computer_vision_cpp"/>
				<Option type="4"/>
				<MakeCommands>
					<Build command="/usr/bin/gmake -f &quot;/home/maxwe/Documents/ee2project24/ee2project-2024-robot-power/computer_vision_cpp/Makefile&quot;  VERBOSE=1 all"/>
					<CompileFile command="/usr/bin/gmake -f &quot;/home/maxwe/Documents/ee2project24/ee2project-2024-robot-power/computer_vision_cpp/Makefile&quot;  VERBOSE=1 &quot;$file&quot;"/>
					<Clean command="/usr/bin/gmake -f &quot;/home/maxwe/Documents/ee2project24/ee2project-2024-robot-power/computer_vision_cpp/Makefile&quot;  VERBOSE=1 clean"/>
					<DistClean command="/usr/bin/gmake -f &quot;/home/maxwe/Documents/ee2project24/ee2project-2024-robot-power/computer_vision_cpp/Makefile&quot;  VERBOSE=1 clean"/>
				</MakeCommands>
			</Target>
			<Target title="camera_test">
				<Option output="/home/maxwe/Documents/ee2project24/ee2project-2024-robot-power/computer_vision_cpp/bin/camera_test" prefix_auto="0" extension_auto="0"/>
				<Option working_dir="/home/maxwe/Documents/ee2project24/ee2project-2024-robot-power/computer_vision_cpp/bin"/>
				<Option object_output="./"/>
				<Option type="1"/>
				<Option compiler="gcc"/>
				<Compiler>
					<Add directory="/home/maxwe/Documents/ee2project24/ee2project-2024-robot-power/computer_vision_cpp/include"/>
					<Add directory="/home/maxwe/Documents/ee2project24/ee2project-2024-robot-power/computer_vision_cpp/include/include"/>
					<Add directory="/usr/local/include/opencv4"/>
				</Compiler>
				<MakeCommands>
					<Build command="/usr/bin/gmake -f &quot;/home/maxwe/Documents/ee2project24/ee2project-2024-robot-power/computer_vision_cpp/Makefile&quot;  VERBOSE=1 camera_test"/>
					<CompileFile command="/usr/bin/gmake -f &quot;/home/maxwe/Documents/ee2project24/ee2project-2024-robot-power/computer_vision_cpp/Makefile&quot;  VERBOSE=1 &quot;$file&quot;"/>
					<Clean command="/usr/bin/gmake -f &quot;/home/maxwe/Documents/ee2project24/ee2project-2024-robot-power/computer_vision_cpp/Makefile&quot;  VERBOSE=1 clean"/>
					<DistClean command="/usr/bin/gmake -f &quot;/home/maxwe/Documents/ee2project24/ee2project-2024-robot-power/computer_vision_cpp/Makefile&quot;  VERBOSE=1 clean"/>
				</MakeCommands>
			</Target>
			<Target title="camera_test/fast">
				<Option output="/home/maxwe/Documents/ee2project24/ee2project-2024-robot-power/computer_vision_cpp/bin/camera_test" prefix_auto="0" extension_auto="0"/>
				<Option working_dir="/home/maxwe/Documents/ee2project24/ee2project-2024-robot-power/computer_vision_cpp/bin"/>
				<Option object_output="./"/>
				<Option type="1"/>
				<Option compiler="gcc"/>
				<Compiler>
					<Add directory="/home/maxwe/Documents/ee2project24/ee2project-2024-robot-power/computer_vision_cpp/include"/>
					<Add directory="/home/maxwe/Documents/ee2project24/ee2project-2024-robot-power/computer_vision_cpp/include/include"/>
					<Add directory="/usr/local/include/opencv4"/>
				</Compiler>
				<MakeCommands>
					<Build command="/usr/bin/gmake -f &quot;/home/maxwe/Documents/ee2project24/ee2project-2024-robot-power/computer_vision_cpp/Makefile&quot;  VERBOSE=1 camera_test/fast"/>
					<CompileFile command="/usr/bin/gmake -f &quot;/home/maxwe/Documents/ee2project24/ee2project-2024-robot-power/computer_vision_cpp/Makefile&quot;  VERBOSE=1 &quot;$file&quot;"/>
					<Clean command="/usr/bin/gmake -f &quot;/home/maxwe/Documents/ee2project24/ee2project-2024-robot-power/computer_vision_cpp/Makefile&quot;  VERBOSE=1 clean"/>
					<DistClean command="/usr/bin/gmake -f &quot;/home/maxwe/Documents/ee2project24/ee2project-2024-robot-power/computer_vision_cpp/Makefile&quot;  VERBOSE=1 clean"/>
				</MakeCommands>
			</Target>
			<Target title="marker">
				<Option output="/home/maxwe/Documents/ee2project24/ee2project-2024-robot-power/computer_vision_cpp/bin/marker" prefix_auto="0" extension_auto="0"/>
				<Option working_dir="/home/maxwe/Documents/ee2project24/ee2project-2024-robot-power/computer_vision_cpp/bin"/>
				<Option object_output="./"/>
				<Option type="1"/>
				<Option compiler="gcc"/>
				<Compiler>
					<Add directory="/home/maxwe/Documents/ee2project24/ee2project-2024-robot-power/computer_vision_cpp/include"/>
					<Add directory="/home/maxwe/Documents/ee2project24/ee2project-2024-robot-power/computer_vision_cpp/include/include"/>
					<Add directory="/usr/local/include/opencv4"/>
				</Compiler>
				<MakeCommands>
					<Build command="/usr/bin/gmake -f &quot;/home/maxwe/Documents/ee2project24/ee2project-2024-robot-power/computer_vision_cpp/Makefile&quot;  VERBOSE=1 marker"/>
					<CompileFile command="/usr/bin/gmake -f &quot;/home/maxwe/Documents/ee2project24/ee2project-2024-robot-power/computer_vision_cpp/Makefile&quot;  VERBOSE=1 &quot;$file&quot;"/>
					<Clean command="/usr/bin/gmake -f &quot;/home/maxwe/Documents/ee2project24/ee2project-2024-robot-power/computer_vision_cpp/Makefile&quot;  VERBOSE=1 clean"/>
					<DistClean command="/usr/bin/gmake -f &quot;/home/maxwe/Documents/ee2project24/ee2project-2024-robot-power/computer_vision_cpp/Makefile&quot;  VERBOSE=1 clean"/>
				</MakeCommands>
			</Target>
			<Target title="marker/fast">
				<Option output="/home/maxwe/Documents/ee2project24/ee2project-2024-robot-power/computer_vision_cpp/bin/marker" prefix_auto="0" extension_auto="0"/>
				<Option working_dir="/home/maxwe/Documents/ee2project24/ee2project-2024-robot-power/computer_vision_cpp/bin"/>
				<Option object_output="./"/>
				<Option type="1"/>
				<Option compiler="gcc"/>
				<Compiler>
					<Add directory="/home/maxwe/Documents/ee2project24/ee2project-2024-robot-power/computer_vision_cpp/include"/>
					<Add directory="/home/maxwe/Documents/ee2project24/ee2project-2024-robot-power/computer_vision_cpp/include/include"/>
					<Add directory="/usr/local/include/opencv4"/>
				</Compiler>
				<MakeCommands>
					<Build command="/usr/bin/gmake -f &quot;/home/maxwe/Documents/ee2project24/ee2project-2024-robot-power/computer_vision_cpp/Makefile&quot;  VERBOSE=1 marker/fast"/>
					<CompileFile command="/usr/bin/gmake -f &quot;/home/maxwe/Documents/ee2project24/ee2project-2024-robot-power/computer_vision_cpp/Makefile&quot;  VERBOSE=1 &quot;$file&quot;"/>
					<Clean command="/usr/bin/gmake -f &quot;/home/maxwe/Documents/ee2project24/ee2project-2024-robot-power/computer_vision_cpp/Makefile&quot;  VERBOSE=1 clean"/>
					<DistClean command="/usr/bin/gmake -f &quot;/home/maxwe/Documents/ee2project24/ee2project-2024-robot-power/computer_vision_cpp/Makefile&quot;  VERBOSE=1 clean"/>
				</MakeCommands>
			</Target>
			<Target title="detector">
				<Option output="/home/maxwe/Documents/ee2project24/ee2project-2024-robot-power/computer_vision_cpp/bin/detector" prefix_auto="0" extension_auto="0"/>
				<Option working_dir="/home/maxwe/Documents/ee2project24/ee2project-2024-robot-power/computer_vision_cpp/bin"/>
				<Option object_output="./"/>
				<Option type="1"/>
				<Option compiler="gcc"/>
				<Compiler>
					<Add directory="/home/maxwe/Documents/ee2project24/ee2project-2024-robot-power/computer_vision_cpp/include"/>
					<Add directory="/home/maxwe/Documents/ee2project24/ee2project-2024-robot-power/computer_vision_cpp/include/include"/>
					<Add directory="/usr/local/include/opencv4"/>
				</Compiler>
				<MakeCommands>
					<Build command="/usr/bin/gmake -f &quot;/home/maxwe/Documents/ee2project24/ee2project-2024-robot-power/computer_vision_cpp/Makefile&quot;  VERBOSE=1 detector"/>
					<CompileFile command="/usr/bin/gmake -f &quot;/home/maxwe/Documents/ee2project24/ee2project-2024-robot-power/computer_vision_cpp/Makefile&quot;  VERBOSE=1 &quot;$file&quot;"/>
					<Clean command="/usr/bin/gmake -f &quot;/home/maxwe/Documents/ee2project24/ee2project-2024-robot-power/computer_vision_cpp/Makefile&quot;  VERBOSE=1 clean"/>
					<DistClean command="/usr/bin/gmake -f &quot;/home/maxwe/Documents/ee2project24/ee2project-2024-robot-power/computer_vision_cpp/Makefile&quot;  VERBOSE=1 clean"/>
				</MakeCommands>
			</Target>
			<Target title="detector/fast">
				<Option output="/home/maxwe/Documents/ee2project24/ee2project-2024-robot-power/computer_vision_cpp/bin/detector" prefix_auto="0" extension_auto="0"/>
				<Option working_dir="/home/maxwe/Documents/ee2project24/ee2project-2024-robot-power/computer_vision_cpp/bin"/>
				<Option object_output="./"/>
				<Option type="1"/>
				<Option compiler="gcc"/>
				<Compiler>
					<Add directory="/home/maxwe/Documents/ee2project24/ee2project-2024-robot-power/computer_vision_cpp/include"/>
					<Add directory="/home/maxwe/Documents/ee2project24/ee2project-2024-robot-power/computer_vision_cpp/include/include"/>
					<Add directory="/usr/local/include/opencv4"/>
				</Compiler>
				<MakeCommands>
					<Build command="/usr/bin/gmake -f &quot;/home/maxwe/Documents/ee2project24/ee2project-2024-robot-power/computer_vision_cpp/Makefile&quot;  VERBOSE=1 detector/fast"/>
					<CompileFile command="/usr/bin/gmake -f &quot;/home/maxwe/Documents/ee2project24/ee2project-2024-robot-power/computer_vision_cpp/Makefile&quot;  VERBOSE=1 &quot;$file&quot;"/>
					<Clean command="/usr/bin/gmake -f &quot;/home/maxwe/Documents/ee2project24/ee2project-2024-robot-power/computer_vision_cpp/Makefile&quot;  VERBOSE=1 clean"/>
					<DistClean command="/usr/bin/gmake -f &quot;/home/maxwe/Documents/ee2project24/ee2project-2024-robot-power/computer_vision_cpp/Makefile&quot;  VERBOSE=1 clean"/>
				</MakeCommands>
			</Target>
			<Target title="test_memory">
				<Option output="/home/maxwe/Documents/ee2project24/ee2project-2024-robot-power/computer_vision_cpp/bin/test_memory" prefix_auto="0" extension_auto="0"/>
				<Option working_dir="/home/maxwe/Documents/ee2project24/ee2project-2024-robot-power/computer_vision_cpp/bin"/>
				<Option object_output="./"/>
				<Option type="1"/>
				<Option compiler="gcc"/>
				<Compiler>
					<Add directory="/home/maxwe/Documents/ee2project24/ee2project-2024-robot-power/computer_vision_cpp/include"/>
					<Add directory="/usr/local/include/opencv4"/>
				</Compiler>
				<MakeCommands>
					<Build command="/usr/bin/gmake -f &quot;/home/maxwe/Documents/ee2project24/ee2project-2024-robot-power/computer_vision_cpp/Makefile&quot;  VERBOSE=1 test_memory"/>
					<CompileFile command="/usr/bin/gmake -f &quot;/home/maxwe/Documents/ee2project24/ee2project-2024-robot-power/computer_vision_cpp/Makefile&quot;  VERBOSE=1 &quot;$file&quot;"/>
					<Clean command="/usr/bin/gmake -f &quot;/home/maxwe/Documents/ee2project24/ee2project-2024-robot-power/computer_vision_cpp/Makefile&quot;  VERBOSE=1 clean"/>
					<DistClean command="/usr/bin/gmake -f &quot;/home/maxwe/Documents/ee2project24/ee2project-2024-robot-power/computer_vision_cpp/Makefile&quot;  VERBOSE=1 clean"/>
				</MakeCommands>
			</Target>
			<Target title="test_memory/fast">
				<Option output="/home/maxwe/Documents/ee2project24/ee2project-2024-robot-power/computer_vision_cpp/bin/test_memory" prefix_auto="0" extension_auto="0"/>
				<Option working_dir="/home/maxwe/Documents/ee2project24/ee2project-2024-robot-power/computer_vision_cpp/bin"/>
				<Option object_output="./"/>
				<Option type="1"/>
				<Option compiler="gcc"/>
				<Compiler>
					<Add directory="/home/maxwe/Documents/ee2project24/ee2project-2024-robot-power/computer_vision_cpp/include"/>
					<Add directory="/usr/local/include/opencv4"/>
				</Compiler>
				<MakeCommands>
					<Build command="/usr/bin/gmake -f &quot;/home/maxwe/Documents/ee2project24/ee2project-2024-robot-power/computer_vision_cpp/Makefile&quot;  VERBOSE=1 test_memory/fast"/>
					<CompileFile command="/usr/bin/gmake -f &quot;/home/maxwe/Documents/ee2project24/ee2project-2024-robot-power/computer_vision_cpp/Makefile&quot;  VERBOSE=1 &quot;$file&quot;"/>
					<Clean command="/usr/bin/gmake -f &quot;/home/maxwe/Documents/ee2project24/ee2project-2024-robot-power/computer_vision_cpp/Makefile&quot;  VERBOSE=1 clean"/>
					<DistClean command="/usr/bin/gmake -f &quot;/home/maxwe/Documents/ee2project24/ee2project-2024-robot-power/computer_vision_cpp/Makefile&quot;  VERBOSE=1 clean"/>
				</MakeCommands>
			</Target>
			<Target title="edit_cache">
				<Option working_dir="/home/maxwe/Documents/ee2project24/ee2project-2024-robot-power/computer_vision_cpp"/>
				<Option type="4"/>
				<MakeCommands>
					<Build command="/usr/bin/gmake -f &quot;/home/maxwe/Documents/ee2project24/ee2project-2024-robot-power/computer_vision_cpp/Makefile&quot;  VERBOSE=1 edit_cache"/>
					<CompileFile command="/usr/bin/gmake -f &quot;/home/maxwe/Documents/ee2project24/ee2project-2024-robot-power/computer_vision_cpp/Makefile&quot;  VERBOSE=1 &quot;$file&quot;"/>
					<Clean command="/usr/bin/gmake -f &quot;/home/maxwe/Documents/ee2project24/ee2project-2024-robot-power/computer_vision_cpp/Makefile&quot;  VERBOSE=1 clean"/>
					<DistClean command="/usr/bin/gmake -f &quot;/home/maxwe/Documents/ee2project24/ee2project-2024-robot-power/computer_vision_cpp/Makefile&quot;  VERBOSE=1 clean"/>
				</MakeCommands>
			</Target>
			<Target title="rebuild_cache">
				<Option working_dir="/home/maxwe/Documents/ee2project24/ee2project-2024-robot-power/computer_vision_cpp"/>
				<Option type="4"/>
				<MakeCommands>
					<Build command="/usr/bin/gmake -f &quot;/home/maxwe/Documents/ee2project24/ee2project-2024-robot-power/computer_vision_cpp/Makefile&quot;  VERBOSE=1 rebuild_cache"/>
					<CompileFile command="/usr/bin/gmake -f &quot;/home/maxwe/Documents/ee2project24/ee2project-2024-robot-power/computer_vision_cpp/Makefile&quot;  VERBOSE=1 &quot;$file&quot;"/>
					<Clean command="/usr/bin/gmake -f &quot;/home/maxwe/Documents/ee2project24/ee2project-2024-robot-power/computer_vision_cpp/Makefile&quot;  VERBOSE=1 clean"/>
					<DistClean command="/usr/bin/gmake -f &quot;/home/maxwe/Documents/ee2project24/ee2project-2024-robot-power/computer_vision_cpp/Makefile&quot;  VERBOSE=1 clean"/>
				</MakeCommands>
			</Target>
		</Build>
		<Unit filename="/home/maxwe/Documents/ee2project24/ee2project-2024-robot-power/computer_vision_cpp/include/marker_dict.hpp">
			<Option target="camera_test"/>
			<Option target="marker"/>
			<Option target="detector"/>
			<Option target="test_memory"/>
		</Unit>
		<Unit filename="/home/maxwe/Documents/ee2project24/ee2project-2024-robot-power/computer_vision_cpp/include/overlay.hpp">
			<Option target="camera_test"/>
			<Option target="marker"/>
			<Option target="detector"/>
			<Option target="test_memory"/>
		</Unit>
		<Unit filename="/home/maxwe/Documents/ee2project24/ee2project-2024-robot-power/computer_vision_cpp/include/square_overlay.hpp">
			<Option target="camera_test"/>
			<Option target="marker"/>
			<Option target="detector"/>
			<Option target="test_memory"/>
		</Unit>
		<Unit filename="/home/maxwe/Documents/ee2project24/ee2project-2024-robot-power/computer_vision_cpp/src/marker_detection.cpp">
			<Option target="detector"/>
		</Unit>
		<Unit filename="/home/maxwe/Documents/ee2project24/ee2project-2024-robot-power/computer_vision_cpp/src/marker_dict.cpp">
			<Option target="camera_test"/>
			<Option target="marker"/>
			<Option target="detector"/>
			<Option target="test_memory"/>
		</Unit>
		<Unit filename="/home/maxwe/Documents/ee2project24/ee2project-2024-robot-power/computer_vision_cpp/src/marker_gen.cpp">
			<Option target="marker"/>
		</Unit>
		<Unit filename="/home/maxwe/Documents/ee2project24/ee2project-2024-robot-power/computer_vision_cpp/src/overlay.cpp">
			<Option target="camera_test"/>
			<Option target="marker"/>
			<Option target="detector"/>
			<Option target="test_memory"/>
		</Unit>
		<Unit filename="/home/maxwe/Documents/ee2project24/ee2project-2024-robot-power/computer_vision_cpp/src/square_overlay.cpp">
			<Option target="camera_test"/>
			<Option target="marker"/>
			<Option target="detector"/>
			<Option target="test_memory"/>
		</Unit>
		<Unit filename="/home/maxwe/Documents/ee2project24/ee2project-2024-robot-power/computer_vision_cpp/src/test_writing.cpp">
			<Option target="test_memory"/>
		</Unit>
		<Unit filename="/home/maxwe/Documents/ee2project24/ee2project-2024-robot-power/computer_vision_cpp/src/webcam_test.cpp">
			<Option target="camera_test"/>
		</Unit>
		<Unit filename="/home/maxwe/Documents/ee2project24/ee2project-2024-robot-power/computer_vision_cpp/CMakeLists.txt">
			<Option virtualFolder="CMake Files\"/>
		</Unit>
		<Unit filename="/home/maxwe/Documents/ee2project24/ee2project-2024-robot-power/computer_vision_cpp/../../../../../../usr/local/lib/cmake/opencv4/OpenCVConfig-version.cmake">
			<Option virtualFolder="CMake Files\..\..\..\..\..\..\usr\local\lib\cmake\opencv4\"/>
		</Unit>
		<Unit filename="/home/maxwe/Documents/ee2project24/ee2project-2024-robot-power/computer_vision_cpp/../../../../../../usr/local/lib/cmake/opencv4/OpenCVConfig.cmake">
			<Option virtualFolder="CMake Files\..\..\..\..\..\..\usr\local\lib\cmake\opencv4\"/>
		</Unit>
		<Unit filename="/home/maxwe/Documents/ee2project24/ee2project-2024-robot-power/computer_vision_cpp/../../../../../../usr/local/lib/cmake/opencv4/OpenCVModules-release.cmake">
			<Option virtualFolder="CMake Files\..\..\..\..\..\..\usr\local\lib\cmake\opencv4\"/>
		</Unit>
		<Unit filename="/home/maxwe/Documents/ee2project24/ee2project-2024-robot-power/computer_vision_cpp/../../../../../../usr/local/lib/cmake/opencv4/OpenCVModules.cmake">
			<Option virtualFolder="CMake Files\..\..\..\..\..\..\usr\local\lib\cmake\opencv4\"/>
		</Unit>
		<Unit filename="/home/maxwe/Documents/ee2project24/ee2project-2024-robot-power/computer_vision_cpp/src/CMakeLists.txt">
			<Option virtualFolder="CMake Files\src\"/>
		</Unit>
	</Project>
</CodeBlocks_project_file>
